
Microsoft Visual Studio Solution File, Format Version 12.00
# Visual Studio Version 17
VisualStudioVersion = 17.1.32319.34
MinimumVisualStudioVersion = 10.0.40219.1
Project("{9A19103F-16F7-4668-BE54-9A1E7A4F7556}") = "Assignment_NET105_Nhom3", "Assignment_NET105_Nhom3\Assignment_NET105_Nhom3.csproj", "{7E1A3036-2C4E-472C-8532-0F167BA38BDD}"
EndProject
Project("{9A19103F-16F7-4668-BE54-9A1E7A4F7556}") = "Assignment_NET105_Nhom3_API", "Assignment_NET105_Nhom3_API\Assignment_NET105_Nhom3_API.csproj", "{E9ACD4C8-7AC3-4B9A-94CC-E1F0C7649C1F}"
EndProject
Project("{FAE04EC0-301F-11D3-BF4B-00C04F79EFBC}") = "Assignment_NET105_Nhom3_Shared", "Assignment_NET105_Nhom3_Shared\Assignment_NET105_Nhom3_Shared.csproj", "{C454E84F-22D6-448E-8FB8-E8A971A29D79}"
EndProject
Global
	GlobalSection(SolutionConfigurationPlatforms) = preSolution
		Debug|Any CPU = Debug|Any CPU
		Release|Any CPU = Release|Any CPU
	EndGlobalSection
	GlobalSection(ProjectConfigurationPlatforms) = postSolution
		{7E1A3036-2C4E-472C-8532-0F167BA38BDD}.Debug|Any CPU.ActiveCfg = Debug|Any CPU
		{7E1A3036-2C4E-472C-8532-0F167BA38BDD}.Debug|Any CPU.Build.0 = Debug|Any CPU
		{7E1A3036-2C4E-472C-8532-0F167BA38BDD}.Release|Any CPU.ActiveCfg = Release|Any CPU
		{7E1A3036-2C4E-472C-8532-0F167BA38BDD}.Release|Any CPU.Build.0 = Release|Any CPU
		{E9ACD4C8-7AC3-4B9A-94CC-E1F0C7649C1F}.Debug|Any CPU.ActiveCfg = Debug|Any CPU
		{E9ACD4C8-7AC3-4B9A-94CC-E1F0C7649C1F}.Debug|Any CPU.Build.0 = Debug|Any CPU
		{E9ACD4C8-7AC3-4B9A-94CC-E1F0C7649C1F}.Release|Any CPU.ActiveCfg = Release|Any CPU
		{E9ACD4C8-7AC3-4B9A-94CC-E1F0C7649C1F}.Release|Any CPU.Build.0 = Release|Any CPU
		{C454E84F-22D6-448E-8FB8-E8A971A29D79}.Debug|Any CPU.ActiveCfg = Debug|Any CPU
		{C454E84F-22D6-448E-8FB8-E8A971A29D79}.Debug|Any CPU.Build.0 = Debug|Any CPU
		{C454E84F-22D6-448E-8FB8-E8A971A29D79}.Release|Any CPU.ActiveCfg = Release|Any CPU
		{C454E84F-22D6-448E-8FB8-E8A971A29D79}.Release|Any CPU.Build.0 = Release|Any CPU
	EndGlobalSection
	GlobalSection(SolutionProperties) = preSolution
		HideSolutionNode = FALSE
	EndGlobalSection
	GlobalSection(ExtensibilityGlobals) = postSolution
		SolutionGuid = {4BE7D7D3-F557-4912-8D1F-08904431A554}
	EndGlobalSection
EndGlobal
